
Microsoft Visual Studio Solution File, Format Version 12.00
# Visual Studio Version 17
VisualStudioVersion = 17.3.32825.248
MinimumVisualStudioVersion = 10.0.40219.1
Project("{FAE04EC0-301F-11D3-BF4B-00C04F79EFBC}") = "PrimeiroSiteMVC", "src\PrimeiroSiteMVC\PrimeiroSiteMVC.csproj", "{5D2DC812-0097-4890-9A6E-E4E290DB1AE9}"
EndProject
Global
	GlobalSection(SolutionConfigurationPlatforms) = preSolution
		Debug|Any CPU = Debug|Any CPU
		Release|Any CPU = Release|Any CPU
	EndGlobalSection
	GlobalSection(ProjectConfigurationPlatforms) = postSolution
		{5D2DC812-0097-4890-9A6E-E4E290DB1AE9}.Debug|Any CPU.ActiveCfg = Debug|Any CPU
		{5D2DC812-0097-4890-9A6E-E4E290DB1AE9}.Debug|Any CPU.Build.0 = Debug|Any CPU
		{5D2DC812-0097-4890-9A6E-E4E290DB1AE9}.Release|Any CPU.ActiveCfg = Release|Any CPU
		{5D2DC812-0097-4890-9A6E-E4E290DB1AE9}.Release|Any CPU.Build.0 = Release|Any CPU
	EndGlobalSection
	GlobalSection(SolutionProperties) = preSolution
		HideSolutionNode = FALSE
	EndGlobalSection
	GlobalSection(ExtensibilityGlobals) = postSolution
		SolutionGuid = {3F48C088-386C-4B74-8F17-1B55C6345EBD}
	EndGlobalSection
EndGlobal
